{
    "name": "player-router-demo",
    "version": "1.0.0",
    "lockfileVersion": 2,
    "requires": true,
    "packages": {
        "": {
            "version": "1.0.0",
            "license": "MIT",
            "dependencies": {
                "@types/node": "^16.0.1",
                "player-router-js-sdk": "^1.0.2"
            },
            "devDependencies": {
                "typescript": "^4.3.5"
            }
        },
        "node_modules/@types/node": {
            "version": "16.0.1",
            "resolved": "https://registry.npmjs.org/@types/node/-/node-16.0.1.tgz",
            "integrity": "sha512-hBOx4SUlEPKwRi6PrXuTGw1z6lz0fjsibcWCM378YxsSu/6+C30L6CR49zIBKHiwNWCYIcOLjg4OHKZaFeLAug=="
        },
        "node_modules/player-router-js-sdk": {
            "version": "1.0.2",
            "resolved": "https://registry.npmjs.org/player-router-js-sdk/-/player-router-js-sdk-1.0.2.tgz",
            "integrity": "sha512-Cg5T17BggHmGWq1e8kLaY04ElzUnGVH5u57V2C/ZxKF4m3mM4V30Vwj5o8L5wZXZkkeKs4HCdeL1dsOFTK9wqQ==",
            "dependencies": {
                "uuid": "^8.3.2",
                "ws": "^7.5.2"
            }
        },
        "node_modules/typescript": {
            "version": "4.3.5",
            "resolved": "https://registry.npmjs.org/typescript/-/typescript-4.3.5.tgz",
            "integrity": "sha512-DqQgihaQ9cUrskJo9kIyW/+g0Vxsk8cDtZ52a3NGh0YNTfpUSArXSohyUGnvbPazEPLu398C0UxmKSOrPumUzA==",
            "dev": true,
            "bin": {
                "tsc": "bin/tsc",
                "tsserver": "bin/tsserver"
            },
            "engines": {
                "node": ">=4.2.0"
            }
        },
        "node_modules/uuid": {
            "version": "8.3.2",
            "resolved": "https://registry.npmjs.org/uuid/-/uuid-8.3.2.tgz",
            "integrity": "sha512-+NYs2QeMWy+GWFOEm9xnn6HCDp0l7QBD7ml8zLUmJ+93Q5NF0NocErnwkTkXVFNiX3/fpC6afS8Dhb/gz7R7eg==",
            "bin": {
                "uuid": "dist/bin/uuid"
            }
        },
        "node_modules/ws": {
            "version": "7.5.2",
            "resolved": "https://registry.npmjs.org/ws/-/ws-7.5.2.tgz",
            "integrity": "sha512-lkF7AWRicoB9mAgjeKbGqVUekLnSNO4VjKVnuPHpQeOxZOErX6BPXwJk70nFslRCEEA8EVW7ZjKwXaP9N+1sKQ==",
            "engines": {
                "node": ">=8.3.0"
            },
            "peerDependencies": {
                "bufferutil": "^4.0.1",
                "utf-8-validate": "^5.0.2"
            },
            "peerDependenciesMeta": {
                "bufferutil": {
                    "optional": true
                },
                "utf-8-validate": {
                    "optional": true
                }
            }
        }
    },
    "dependencies": {
        "@types/node": {
            "version": "16.0.1",
            "resolved": "https://registry.npmjs.org/@types/node/-/node-16.0.1.tgz",
            "integrity": "sha512-hBOx4SUlEPKwRi6PrXuTGw1z6lz0fjsibcWCM378YxsSu/6+C30L6CR49zIBKHiwNWCYIcOLjg4OHKZaFeLAug=="
        },
        "player-router-js-sdk": {
            "version": "1.0.2",
            "resolved": "https://registry.npmjs.org/player-router-js-sdk/-/player-router-js-sdk-1.0.2.tgz",
            "integrity": "sha512-Cg5T17BggHmGWq1e8kLaY04ElzUnGVH5u57V2C/ZxKF4m3mM4V30Vwj5o8L5wZXZkkeKs4HCdeL1dsOFTK9wqQ==",
            "requires": {
                "uuid": "^8.3.2",
                "ws": "^7.5.2"
            }
        },
        "typescript": {
            "version": "4.3.5",
            "resolved": "https://registry.npmjs.org/typescript/-/typescript-4.3.5.tgz",
            "integrity": "sha512-DqQgihaQ9cUrskJo9kIyW/+g0Vxsk8cDtZ52a3NGh0YNTfpUSArXSohyUGnvbPazEPLu398C0UxmKSOrPumUzA==",
            "dev": true
        },
        "uuid": {
            "version": "8.3.2",
            "resolved": "https://registry.npmjs.org/uuid/-/uuid-8.3.2.tgz",
            "integrity": "sha512-+NYs2QeMWy+GWFOEm9xnn6HCDp0l7QBD7ml8zLUmJ+93Q5NF0NocErnwkTkXVFNiX3/fpC6afS8Dhb/gz7R7eg=="
        },
        "ws": {
            "version": "7.5.2",
            "resolved": "https://registry.npmjs.org/ws/-/ws-7.5.2.tgz",
            "integrity": "sha512-lkF7AWRicoB9mAgjeKbGqVUekLnSNO4VjKVnuPHpQeOxZOErX6BPXwJk70nFslRCEEA8EVW7ZjKwXaP9N+1sKQ==",
            "requires": {}
        }
    }
}
